
Microsoft Visual Studio Solution File, Format Version 12.00
# Visual Studio 15
VisualStudioVersion = 15.0.26403.7
MinimumVisualStudioVersion = 10.0.40219.1
Project("{FAE04EC0-301F-11D3-BF4B-00C04F79EFBC}") = "DependencyCheck", "DependencyCheck\DependencyCheck.csproj", "{5DEEC505-ECD0-4D89-B036-34139F88E28B}"
EndProject
Project("{FAE04EC0-301F-11D3-BF4B-00C04F79EFBC}") = "PackageBuilder", "PackageBuilder\PackageBuilder.csproj", "{0DAC909A-9B2F-41C5-8DE4-7A7333971C07}"
EndProject
Project("{FAE04EC0-301F-11D3-BF4B-00C04F79EFBC}") = "Upgrader", "Upgrader\Upgrader.csproj", "{063FAD25-7BBE-4EDD-B4B8-C2020047C843}"
EndProject
Global
	GlobalSection(SolutionConfigurationPlatforms) = preSolution
		Debug|Any CPU = Debug|Any CPU
		Release|Any CPU = Release|Any CPU
	EndGlobalSection
	GlobalSection(ProjectConfigurationPlatforms) = postSolution
		{5DEEC505-ECD0-4D89-B036-34139F88E28B}.Debug|Any CPU.ActiveCfg = Debug|Any CPU
		{5DEEC505-ECD0-4D89-B036-34139F88E28B}.Debug|Any CPU.Build.0 = Debug|Any CPU
		{5DEEC505-ECD0-4D89-B036-34139F88E28B}.Release|Any CPU.ActiveCfg = Release|Any CPU
		{5DEEC505-ECD0-4D89-B036-34139F88E28B}.Release|Any CPU.Build.0 = Release|Any CPU
		{0DAC909A-9B2F-41C5-8DE4-7A7333971C07}.Debug|Any CPU.ActiveCfg = Debug|Any CPU
		{0DAC909A-9B2F-41C5-8DE4-7A7333971C07}.Debug|Any CPU.Build.0 = Debug|Any CPU
		{0DAC909A-9B2F-41C5-8DE4-7A7333971C07}.Release|Any CPU.ActiveCfg = Release|Any CPU
		{0DAC909A-9B2F-41C5-8DE4-7A7333971C07}.Release|Any CPU.Build.0 = Release|Any CPU
		{063FAD25-7BBE-4EDD-B4B8-C2020047C843}.Debug|Any CPU.ActiveCfg = Debug|Any CPU
		{063FAD25-7BBE-4EDD-B4B8-C2020047C843}.Debug|Any CPU.Build.0 = Debug|Any CPU
		{063FAD25-7BBE-4EDD-B4B8-C2020047C843}.Release|Any CPU.ActiveCfg = Release|Any CPU
		{063FAD25-7BBE-4EDD-B4B8-C2020047C843}.Release|Any CPU.Build.0 = Release|Any CPU
	EndGlobalSection
	GlobalSection(SolutionProperties) = preSolution
		HideSolutionNode = FALSE
	EndGlobalSection
EndGlobal
